
Microsoft Visual Studio Solution File, Format Version 12.00
# Visual Studio Version 16
VisualStudioVersion = 16.0.30611.23
MinimumVisualStudioVersion = 10.0.40219.1
Project("{D2ABAB84-BF74-430A-B69E-9DC6D40DDA17}") = "CUBO-Chinook", "CUBO-Chinook.dwproj", "{431A3C35-294F-4D60-B2BE-2D70D5F2CFB7}"
EndProject
Global
	GlobalSection(SolutionConfigurationPlatforms) = preSolution
		Development|Default = Development|Default
	EndGlobalSection
	GlobalSection(ProjectConfigurationPlatforms) = postSolution
		{431A3C35-294F-4D60-B2BE-2D70D5F2CFB7}.Development|Default.ActiveCfg = Development
		{431A3C35-294F-4D60-B2BE-2D70D5F2CFB7}.Development|Default.Build.0 = Development
		{431A3C35-294F-4D60-B2BE-2D70D5F2CFB7}.Development|Default.Deploy.0 = Development
	EndGlobalSection
	GlobalSection(SolutionProperties) = preSolution
		HideSolutionNode = FALSE
	EndGlobalSection
	GlobalSection(ExtensibilityGlobals) = postSolution
		SolutionGuid = {02D0BFA6-D9FE-48D4-960F-E884FB639A78}
	EndGlobalSection
EndGlobal
